
Microsoft Visual Studio Solution File, Format Version 12.00
# Visual Studio Version 17
VisualStudioVersion = 17.4.33110.190
MinimumVisualStudioVersion = 10.0.40219.1
Project("{FAE04EC0-301F-11D3-BF4B-00C04F79EFBC}") = "dashboard", "dashboard\dashboard.csproj", "{70E031C8-A578-484C-BB64-91E8A8C9620A}"
EndProject
Global
	GlobalSection(SolutionConfigurationPlatforms) = preSolution
		Debug|Any CPU = Debug|Any CPU
		Release|Any CPU = Release|Any CPU
	EndGlobalSection
	GlobalSection(ProjectConfigurationPlatforms) = postSolution
		{70E031C8-A578-484C-BB64-91E8A8C9620A}.Debug|Any CPU.ActiveCfg = Debug|Any CPU
		{70E031C8-A578-484C-BB64-91E8A8C9620A}.Debug|Any CPU.Build.0 = Debug|Any CPU
		{70E031C8-A578-484C-BB64-91E8A8C9620A}.Release|Any CPU.ActiveCfg = Release|Any CPU
		{70E031C8-A578-484C-BB64-91E8A8C9620A}.Release|Any CPU.Build.0 = Release|Any CPU
	EndGlobalSection
	GlobalSection(SolutionProperties) = preSolution
		HideSolutionNode = FALSE
	EndGlobalSection
	GlobalSection(ExtensibilityGlobals) = postSolution
		SolutionGuid = {57F62BF5-D2E1-49B6-A4F1-F167DDFC0941}
	EndGlobalSection
EndGlobal
